
Microsoft Visual Studio Solution File, Format Version 12.00
# Visual Studio Version 17
VisualStudioVersion = 17.3.32922.545
MinimumVisualStudioVersion = 10.0.40219.1
Project("{FAE04EC0-301F-11D3-BF4B-00C04F79EFBC}") = "DidacticSimulator", "DidacticSimulator.csproj", "{EB734C45-CEC1-4DC2-8C6E-EF382AB2B1E6}"
EndProject
Global
	GlobalSection(SolutionConfigurationPlatforms) = preSolution
		Debug|Any CPU = Debug|Any CPU
		Release|Any CPU = Release|Any CPU
	EndGlobalSection
	GlobalSection(ProjectConfigurationPlatforms) = postSolution
		{EB734C45-CEC1-4DC2-8C6E-EF382AB2B1E6}.Debug|Any CPU.ActiveCfg = Debug|Any CPU
		{EB734C45-CEC1-4DC2-8C6E-EF382AB2B1E6}.Debug|Any CPU.Build.0 = Debug|Any CPU
		{EB734C45-CEC1-4DC2-8C6E-EF382AB2B1E6}.Release|Any CPU.ActiveCfg = Release|Any CPU
		{EB734C45-CEC1-4DC2-8C6E-EF382AB2B1E6}.Release|Any CPU.Build.0 = Release|Any CPU
	EndGlobalSection
	GlobalSection(SolutionProperties) = preSolution
		HideSolutionNode = FALSE
	EndGlobalSection
	GlobalSection(ExtensibilityGlobals) = postSolution
		SolutionGuid = {D00B1A7F-0358-4199-94E7-6AFF92E010E4}
	EndGlobalSection
EndGlobal
